# This file is automatically @generated by Cargo.
# It is not intended for manual editing.
[[package]]
name = "adler"
version = "0.2.3"
source = "registry+https://github.com/rust-lang/crates.io-index"
checksum = "ee2a4ec343196209d6594e19543ae87a39f96d5534d7174822a3ad825dd6ed7e"

[[package]]
name = "aes-soft"
version = "0.6.4"
source = "registry+https://github.com/rust-lang/crates.io-index"
checksum = "be14c7498ea50828a38d0e24a765ed2effe92a705885b57d029cd67d45744072"
dependencies = [
 "cipher",
 "opaque-debug",
]

[[package]]
name = "aesni"
version = "0.10.0"
source = "registry+https://github.com/rust-lang/crates.io-index"
checksum = "ea2e11f5e94c2f7d386164cc2aa1f97823fed6f259e486940a71c174dd01b0ce"
dependencies = [
 "cipher",
 "opaque-debug",
]

[[package]]
name = "ahash"
version = "0.3.8"
source = "registry+https://github.com/rust-lang/crates.io-index"
checksum = "e8fd72866655d1904d6b0997d0b07ba561047d070fbe29de039031c641b61217"
dependencies = [
 "const-random",
]

[[package]]
name = "ahash"
version = "0.4.7"
source = "registry+https://github.com/rust-lang/crates.io-index"
checksum = "739f4a8db6605981345c5654f3a85b056ce52f37a39d34da03f25bf2151ea16e"
dependencies = [
 "const-random",
]

[[package]]
name = "anyhow"
version = "1.0.37"
source = "registry+https://github.com/rust-lang/crates.io-index"
checksum = "ee67c11feeac938fae061b232e38e0b6d94f97a9df10e6271319325ac4c56a86"

[[package]]
name = "array-macro"
version = "1.0.5"
source = "registry+https://github.com/rust-lang/crates.io-index"
checksum = "06e97b4e522f9e55523001238ac59d13a8603af57f69980de5d8de4bbbe8ada6"

[[package]]
name = "arrayref"
version = "0.3.6"
source = "registry+https://github.com/rust-lang/crates.io-index"
checksum = "a4c527152e37cf757a3f78aae5a06fbeefdb07ccc535c980a3208ee3060dd544"

[[package]]
name = "arrayvec"
version = "0.5.2"
source = "registry+https://github.com/rust-lang/crates.io-index"
checksum = "23b62fc65de8e4e7f52534fb52b0f3ed04746ae267519eef2a83941e8085068b"

[[package]]
name = "async-trait"
version = "0.1.42"
source = "registry+https://github.com/rust-lang/crates.io-index"
checksum = "8d3a45e77e34375a7923b1e8febb049bb011f064714a8e17a1a616fef01da13d"
dependencies = [
 "proc-macro2",
 "quote",
 "syn",
]

[[package]]
name = "atty"
version = "0.2.14"
source = "registry+https://github.com/rust-lang/crates.io-index"
checksum = "d9b39be18770d11421cdb1b9947a45dd3f37e93092cbf377614828a319d5fee8"
dependencies = [
 "hermit-abi",
 "libc",
 "winapi 0.3.9",
]

[[package]]
name = "autocfg"
version = "1.0.1"
source = "registry+https://github.com/rust-lang/crates.io-index"
checksum = "cdb031dd78e28731d87d56cc8ffef4a8f36ca26c38fe2de700543e627f8a464a"

[[package]]
name = "base64"
version = "0.13.0"
source = "registry+https://github.com/rust-lang/crates.io-index"
checksum = "904dfeac50f3cdaba28fc6f57fdcddb75f49ed61346676a78c4ffe55877802fd"

[[package]]
name = "bitflags"
version = "1.2.1"
source = "registry+https://github.com/rust-lang/crates.io-index"
checksum = "cf1de2fe8c75bc145a2f577add951f8134889b4795d47466a54a5c846d691693"

[[package]]
name = "blake2b_simd"
version = "0.5.11"
source = "registry+https://github.com/rust-lang/crates.io-index"
checksum = "afa748e348ad3be8263be728124b24a24f268266f6f5d58af9d75f6a40b5c587"
dependencies = [
 "arrayref",
 "arrayvec",
 "constant_time_eq",
]

[[package]]
name = "block-buffer"
version = "0.9.0"
source = "registry+https://github.com/rust-lang/crates.io-index"
checksum = "4152116fd6e9dadb291ae18fc1ec3575ed6d84c29642d97890f4b4a3417297e4"
dependencies = [
 "generic-array",
]

[[package]]
name = "build_const"
version = "0.2.1"
source = "registry+https://github.com/rust-lang/crates.io-index"
checksum = "39092a32794787acd8525ee150305ff051b0aa6cc2abaf193924f5ab05425f39"

[[package]]
name = "bytes"
version = "1.0.0"
source = "registry+https://github.com/rust-lang/crates.io-index"
checksum = "ad1f8e949d755f9d79112b5bb46938e0ef9d3804a0b16dfab13aafcaa5f0fa72"

[[package]]
name = "cc"
version = "1.0.66"
source = "registry+https://github.com/rust-lang/crates.io-index"
checksum = "4c0496836a84f8d0495758516b8621a622beb77c0fed418570e50764093ced48"

[[package]]
name = "cfg-if"
version = "0.1.10"
source = "registry+https://github.com/rust-lang/crates.io-index"
checksum = "4785bdd1c96b2a846b2bd7cc02e86b6b3dbf14e7e53446c4f54c92a361040822"

[[package]]
name = "cfg-if"
version = "1.0.0"
source = "registry+https://github.com/rust-lang/crates.io-index"
checksum = "baf1de4339761588bc0619e3cbc0120ee582ebb74b53b4efbf79117bd2da40fd"

[[package]]
name = "chrono"
version = "0.4.19"
source = "registry+https://github.com/rust-lang/crates.io-index"
checksum = "670ad68c9088c2a963aaa298cb369688cf3f9465ce5e2d4ca10e6e0098a1ce73"
dependencies = [
 "libc",
 "num-integer",
 "num-traits",
 "time",
 "winapi 0.3.9",
]

[[package]]
name = "cipher"
version = "0.2.5"
source = "registry+https://github.com/rust-lang/crates.io-index"
checksum = "12f8e7987cbd042a63249497f41aed09f8e65add917ea6566effbc56578d6801"
dependencies = [
 "generic-array",
]

[[package]]
name = "clap"
version = "3.0.0-beta.2"
source = "registry+https://github.com/rust-lang/crates.io-index"
checksum = "4bd1061998a501ee7d4b6d449020df3266ca3124b941ec56cf2005c3779ca142"
dependencies = [
 "atty",
 "bitflags",
 "clap_derive",
 "indexmap",
 "lazy_static",
 "os_str_bytes",
 "strsim 0.10.0",
 "termcolor",
 "textwrap",
 "unicode-width",
 "vec_map",
]

[[package]]
name = "clap_derive"
version = "3.0.0-beta.2"
source = "registry+https://github.com/rust-lang/crates.io-index"
checksum = "370f715b81112975b1b69db93e0b56ea4cd4e5002ac43b2da8474106a54096a1"
dependencies = [
 "heck",
 "proc-macro-error",
 "proc-macro2",
 "quote",
 "syn",
]

[[package]]
name = "colored"
version = "1.9.3"
source = "registry+https://github.com/rust-lang/crates.io-index"
checksum = "f4ffc801dacf156c5854b9df4f425a626539c3a6ef7893cc0c5084a23f0b6c59"
dependencies = [
 "atty",
 "lazy_static",
 "winapi 0.3.9",
]

[[package]]
name = "console"
version = "0.13.0"
source = "registry+https://github.com/rust-lang/crates.io-index"
checksum = "a50aab2529019abfabfa93f1e6c41ef392f91fbf179b347a7e96abb524884a08"
dependencies = [
 "encode_unicode",
 "lazy_static",
 "libc",
 "regex",
 "terminal_size",
 "unicode-width",
 "winapi 0.3.9",
 "winapi-util",
]

[[package]]
name = "const-random"
version = "0.1.13"
source = "registry+https://github.com/rust-lang/crates.io-index"
checksum = "f590d95d011aa80b063ffe3253422ed5aa462af4e9867d43ce8337562bac77c4"
dependencies = [
 "const-random-macro",
 "proc-macro-hack",
]

[[package]]
name = "const-random-macro"
version = "0.1.13"
source = "registry+https://github.com/rust-lang/crates.io-index"
checksum = "615f6e27d000a2bffbc7f2f6a8669179378fa27ee4d0a509e985dfc0a7defb40"
dependencies = [
 "getrandom 0.2.1",
 "lazy_static",
 "proc-macro-hack",
 "tiny-keccak",
]

[[package]]
name = "constant_time_eq"
version = "0.1.5"
source = "registry+https://github.com/rust-lang/crates.io-index"
checksum = "245097e9a4535ee1e3e3931fcfcd55a796a44c643e8596ff6566d68f09b87bbc"

[[package]]
name = "cpuid-bool"
version = "0.1.2"
source = "registry+https://github.com/rust-lang/crates.io-index"
checksum = "8aebca1129a03dc6dc2b127edd729435bbc4a37e1d5f4d7513165089ceb02634"

[[package]]
name = "crc"
version = "1.8.1"
source = "registry+https://github.com/rust-lang/crates.io-index"
checksum = "d663548de7f5cca343f1e0a48d14dcfb0e9eb4e079ec58883b7251539fa10aeb"
dependencies = [
 "build_const",
]

[[package]]
name = "crc32fast"
version = "1.2.1"
source = "registry+https://github.com/rust-lang/crates.io-index"
checksum = "81156fece84ab6a9f2afdb109ce3ae577e42b1228441eded99bd77f627953b1a"
dependencies = [
 "cfg-if 1.0.0",
]

[[package]]
name = "crossbeam-channel"
version = "0.4.4"
source = "registry+https://github.com/rust-lang/crates.io-index"
checksum = "b153fe7cbef478c567df0f972e02e6d736db11affe43dfc9c56a9374d1adfb87"
dependencies = [
 "crossbeam-utils 0.7.2",
 "maybe-uninit",
]

[[package]]
name = "crossbeam-utils"
version = "0.7.2"
source = "registry+https://github.com/rust-lang/crates.io-index"
checksum = "c3c7c73a2d1e9fc0886a08b93e98eb643461230d5f1925e4036204d5f2e261a8"
dependencies = [
 "autocfg",
 "cfg-if 0.1.10",
 "lazy_static",
]

[[package]]
name = "crossbeam-utils"
version = "0.8.1"
source = "registry+https://github.com/rust-lang/crates.io-index"
checksum = "02d96d1e189ef58269ebe5b97953da3274d83a93af647c2ddd6f9dab28cedb8d"
dependencies = [
 "autocfg",
 "cfg-if 1.0.0",
 "lazy_static",
]

[[package]]
name = "crunchy"
version = "0.2.2"
source = "registry+https://github.com/rust-lang/crates.io-index"
checksum = "7a81dae078cea95a014a339291cec439d2f232ebe854a9d672b796c6afafa9b7"

[[package]]
name = "crypto-mac"
version = "0.10.0"
source = "registry+https://github.com/rust-lang/crates.io-index"
checksum = "4857fd85a0c34b3c3297875b747c1e02e06b6a0ea32dd892d8192b9ce0813ea6"
dependencies = [
 "generic-array",
 "subtle",
]

[[package]]
name = "cursive"
version = "0.15.0"
source = "registry+https://github.com/rust-lang/crates.io-index"
checksum = "7a9f12332ab2bca26979ef00cfef9a1c2e287db03b787a83d892ad9961f81374"
dependencies = [
 "ahash 0.3.8",
 "cfg-if 0.1.10",
 "crossbeam-channel",
 "cursive_core",
 "enumset",
 "lazy_static",
 "libc",
 "log",
 "maplit",
 "pancurses",
 "signal-hook",
 "term_size",
 "unicode-segmentation",
 "unicode-width",
]

[[package]]
name = "cursive_core"
version = "0.1.1"
source = "registry+https://github.com/rust-lang/crates.io-index"
checksum = "85fc5b6a8ba2f1bc743892068bde466438f78d6247197e2dc094bfd53fdea4b7"
dependencies = [
 "ahash 0.4.7",
 "chrono",
 "crossbeam-channel",
 "enum-map",
 "enumset",
 "lazy_static",
 "libc",
 "log",
 "num",
 "owning_ref",
 "signal-hook",
 "unicode-segmentation",
 "unicode-width",
 "xi-unicode",
]

[[package]]
name = "darling"
version = "0.10.2"
source = "registry+https://github.com/rust-lang/crates.io-index"
checksum = "0d706e75d87e35569db781a9b5e2416cff1236a47ed380831f959382ccd5f858"
dependencies = [
 "darling_core",
 "darling_macro",
]

[[package]]
name = "darling_core"
version = "0.10.2"
source = "registry+https://github.com/rust-lang/crates.io-index"
checksum = "f0c960ae2da4de88a91b2d920c2a7233b400bc33cb28453a2987822d8392519b"
dependencies = [
 "fnv",
 "ident_case",
 "proc-macro2",
 "quote",
 "strsim 0.9.3",
 "syn",
]

[[package]]
name = "darling_macro"
version = "0.10.2"
source = "registry+https://github.com/rust-lang/crates.io-index"
checksum = "d9b5a2f4ac4969822c62224815d069952656cadc7084fdca9751e6d959189b72"
dependencies = [
 "darling_core",
 "quote",
 "syn",
]

[[package]]
name = "dialoguer"
version = "0.7.1"
source = "registry+https://github.com/rust-lang/crates.io-index"
checksum = "70f807b2943dc90f9747497d9d65d7e92472149be0b88bf4ce1201b4ac979c26"
dependencies = [
 "console",
 "lazy_static",
 "tempfile",
 "zeroize",
]

[[package]]
name = "digest"
version = "0.9.0"
source = "registry+https://github.com/rust-lang/crates.io-index"
checksum = "d3dd60d1080a57a05ab032377049e0591415d2b31afd7028356dbf3cc6dcb066"
dependencies = [
 "generic-array",
]

[[package]]
name = "directories"
version = "3.0.1"
source = "registry+https://github.com/rust-lang/crates.io-index"
checksum = "f8fed639d60b58d0f53498ab13d26f621fd77569cc6edb031f4cc36a2ad9da0f"
dependencies = [
 "dirs-sys",
]

[[package]]
name = "dirs-sys"
version = "0.3.5"
source = "registry+https://github.com/rust-lang/crates.io-index"
checksum = "8e93d7f5705de3e49895a2b5e0b8855a1c27f080192ae9c32a6432d50741a57a"
dependencies = [
 "libc",
 "redox_users",
 "winapi 0.3.9",
]

[[package]]
name = "dlv-list"
version = "0.2.2"
source = "registry+https://github.com/rust-lang/crates.io-index"
checksum = "1b391911b9a786312a10cb9d2b3d0735adfd5a8113eb3648de26a75e91b0826c"
dependencies = [
 "rand",
]

[[package]]
name = "encode_unicode"
version = "0.3.6"
source = "registry+https://github.com/rust-lang/crates.io-index"
checksum = "a357d28ed41a50f9c765dbfe56cbc04a64e53e5fc58ba79fbc34c10ef3df831f"

[[package]]
name = "enum-map"
version = "0.6.4"
source = "registry+https://github.com/rust-lang/crates.io-index"
checksum = "4187999839f4ae8be35cf185d1381aa8dc32d2f5951349cc37ae49ebc4781855"
dependencies = [
 "array-macro",
 "enum-map-derive",
]

[[package]]
name = "enum-map-derive"
version = "0.4.6"
source = "registry+https://github.com/rust-lang/crates.io-index"
checksum = "e5c450cf304c9e18d45db562025a14fb1ca0f5c769b6f609309f81d4c31de455"
dependencies = [
 "proc-macro2",
 "quote",
 "syn",
]

[[package]]
name = "enumset"
version = "1.0.1"
source = "registry+https://github.com/rust-lang/crates.io-index"
checksum = "959a80a2062fedd66ed41d99736212de987b3a8c83a4c2cef243968075256bd1"
dependencies = [
 "enumset_derive",
 "num-traits",
]

[[package]]
name = "enumset_derive"
version = "0.5.0"
source = "registry+https://github.com/rust-lang/crates.io-index"
checksum = "74bef436ac71820c5cf768d7af9ba33121246b09a00e09a55d94ef8095a875ac"
dependencies = [
 "darling",
 "proc-macro2",
 "quote",
 "syn",
]

[[package]]
name = "fern"
version = "0.6.0"
source = "registry+https://github.com/rust-lang/crates.io-index"
checksum = "8c9a4820f0ccc8a7afd67c39a0f1a0f4b07ca1725164271a64939d7aeb9af065"
dependencies = [
 "colored",
 "log",
]

[[package]]
name = "flate2"
version = "1.0.19"
source = "registry+https://github.com/rust-lang/crates.io-index"
checksum = "7411863d55df97a419aa64cb4d2f167103ea9d767e2c54a1868b7ac3f6b47129"
dependencies = [
 "cfg-if 1.0.0",
 "crc32fast",
 "libc",
 "miniz_oxide",
]

[[package]]
name = "fnv"
version = "1.0.7"
source = "registry+https://github.com/rust-lang/crates.io-index"
checksum = "3f9eec918d3f24069decb9af1554cad7c880e2da24a9afd88aca000531ab82c1"

[[package]]
name = "futf"
version = "0.1.4"
source = "registry+https://github.com/rust-lang/crates.io-index"
checksum = "7c9c1ce3fa9336301af935ab852c437817d14cd33690446569392e65170aac3b"
dependencies = [
 "mac",
 "new_debug_unreachable",
]

[[package]]
name = "generic-array"
version = "0.14.4"
source = "registry+https://github.com/rust-lang/crates.io-index"
checksum = "501466ecc8a30d1d3b7fc9229b122b2ce8ed6e9d9223f1138d4babb253e51817"
dependencies = [
 "typenum",
 "version_check",
]

[[package]]
name = "getrandom"
version = "0.1.15"
source = "registry+https://github.com/rust-lang/crates.io-index"
checksum = "fc587bc0ec293155d5bfa6b9891ec18a1e330c234f896ea47fbada4cadbe47e6"
dependencies = [
 "cfg-if 0.1.10",
 "libc",
 "wasi 0.9.0+wasi-snapshot-preview1",
]

[[package]]
name = "getrandom"
version = "0.2.1"
source = "registry+https://github.com/rust-lang/crates.io-index"
checksum = "4060f4657be78b8e766215b02b18a2e862d83745545de804638e2b545e81aee6"
dependencies = [
 "cfg-if 1.0.0",
 "libc",
 "wasi 0.10.0+wasi-snapshot-preview1",
]

[[package]]
name = "glass_pumpkin"
version = "0.4.0"
source = "registry+https://github.com/rust-lang/crates.io-index"
checksum = "5eac7b86325ee905c72e2cb43a80b1ebe6ea82d7f0854d669190bcdc4b927762"
dependencies = [
 "lazy_static",
 "num-bigint",
 "num-integer",
 "num-traits",
 "rand",
]

[[package]]
name = "grammers-client"
version = "0.2.0"
source = "git+https://github.com/Lonami/grammers.git#d6ac9083ff1aeb12b38b4bcb7970e8b42877b4f2"
dependencies = [
 "chrono",
 "grammers-crypto",
 "grammers-mtproto",
 "grammers-mtsender",
 "grammers-session",
 "grammers-tl-types",
 "html5ever",
 "locate-locale",
 "log",
 "md5",
 "mime_guess",
 "os_info",
 "tokio",
]

[[package]]
name = "grammers-crypto"
version = "0.2.0"
source = "git+https://github.com/Lonami/grammers.git#d6ac9083ff1aeb12b38b4bcb7970e8b42877b4f2"
dependencies = [
 "aes-soft",
 "aesni",
 "getrandom 0.2.1",
 "glass_pumpkin",
 "hmac",
 "num-bigint",
 "once_cell",
 "pbkdf2",
 "sha1",
 "sha2",
]

[[package]]
name = "grammers-mtproto"
version = "0.2.0"
source = "git+https://github.com/Lonami/grammers.git#d6ac9083ff1aeb12b38b4bcb7970e8b42877b4f2"
dependencies = [
 "bytes",
 "crc",
 "flate2",
 "getrandom 0.2.1",
 "grammers-crypto",
 "grammers-tl-types",
 "num-bigint",
 "sha1",
]

[[package]]
name = "grammers-mtsender"
version = "0.2.0"
source = "git+https://github.com/Lonami/grammers.git#d6ac9083ff1aeb12b38b4bcb7970e8b42877b4f2"
dependencies = [
 "bytes",
 "grammers-crypto",
 "grammers-mtproto",
 "grammers-tl-types",
 "log",
 "tokio",
]

[[package]]
name = "grammers-session"
version = "0.2.0"
source = "git+https://github.com/Lonami/grammers.git#d6ac9083ff1aeb12b38b4bcb7970e8b42877b4f2"
dependencies = [
 "grammers-crypto",
 "grammers-tl-gen",
 "grammers-tl-parser",
 "grammers-tl-types",
 "log",
]

[[package]]
name = "grammers-tl-gen"
version = "0.2.0"
source = "git+https://github.com/Lonami/grammers.git#d6ac9083ff1aeb12b38b4bcb7970e8b42877b4f2"
dependencies = [
 "grammers-tl-parser",
]

[[package]]
name = "grammers-tl-parser"
version = "1.0.0"
source = "git+https://github.com/Lonami/grammers.git#d6ac9083ff1aeb12b38b4bcb7970e8b42877b4f2"
dependencies = [
 "crc32fast",
]

[[package]]
name = "grammers-tl-types"
version = "0.2.0"
source = "git+https://github.com/Lonami/grammers.git#d6ac9083ff1aeb12b38b4bcb7970e8b42877b4f2"
dependencies = [
 "grammers-tl-gen",
 "grammers-tl-parser",
]

[[package]]
name = "hashbrown"
version = "0.9.1"
source = "registry+https://github.com/rust-lang/crates.io-index"
checksum = "d7afe4a420e3fe79967a00898cc1f4db7c8a49a9333a29f8a4bd76a253d5cd04"
dependencies = [
 "ahash 0.4.7",
]

[[package]]
name = "heck"
version = "0.3.1"
source = "registry+https://github.com/rust-lang/crates.io-index"
checksum = "20564e78d53d2bb135c343b3f47714a56af2061f1c928fdb541dc7b9fdd94205"
dependencies = [
 "unicode-segmentation",
]

[[package]]
name = "hermit-abi"
version = "0.1.17"
source = "registry+https://github.com/rust-lang/crates.io-index"
checksum = "5aca5565f760fb5b220e499d72710ed156fdb74e631659e99377d9ebfbd13ae8"
dependencies = [
 "libc",
]

[[package]]
name = "hmac"
version = "0.10.1"
source = "registry+https://github.com/rust-lang/crates.io-index"
checksum = "c1441c6b1e930e2817404b5046f1f989899143a12bf92de603b69f4e0aee1e15"
dependencies = [
 "crypto-mac",
 "digest",
]

[[package]]
name = "html5ever"
version = "0.25.1"
source = "registry+https://github.com/rust-lang/crates.io-index"
checksum = "aafcf38a1a36118242d29b92e1b08ef84e67e4a5ed06e0a80be20e6a32bfed6b"
dependencies = [
 "log",
 "mac",
 "markup5ever",
 "proc-macro2",
 "quote",
 "syn",
]

[[package]]
name = "ident_case"
version = "1.0.1"
source = "registry+https://github.com/rust-lang/crates.io-index"
checksum = "b9e0384b61958566e926dc50660321d12159025e767c18e043daf26b70104c39"

[[package]]
name = "indexmap"
version = "1.6.0"
source = "registry+https://github.com/rust-lang/crates.io-index"
checksum = "55e2e4c765aa53a0424761bf9f41aa7a6ac1efa87238f59560640e27fca028f2"
dependencies = [
 "autocfg",
 "hashbrown",
]

[[package]]
name = "itoa"
version = "0.4.6"
source = "registry+https://github.com/rust-lang/crates.io-index"
checksum = "dc6f3ad7b9d11a0c00842ff8de1b60ee58661048eb8049ed33c73594f359d7e6"

[[package]]
name = "kantex-rs"
version = "0.1.0"
source = "git+https://github.com/sabbyX/KanTeX.git#f17586cb2c69ab22b446d30cfa08217cbd72c3bb"
dependencies = [
 "strfmt",
]

[[package]]
name = "kernel32-sys"
version = "0.2.2"
source = "registry+https://github.com/rust-lang/crates.io-index"
checksum = "7507624b29483431c0ba2d82aece8ca6cdba9382bff4ddd0f7490560c056098d"
dependencies = [
 "winapi 0.2.8",
 "winapi-build",
]

[[package]]
name = "lazy_static"
version = "1.4.0"
source = "registry+https://github.com/rust-lang/crates.io-index"
checksum = "e2abad23fbc42b3700f2f279844dc832adb2b2eb069b2df918f455c4e18cc646"

[[package]]
name = "libc"
version = "0.2.81"
source = "registry+https://github.com/rust-lang/crates.io-index"
checksum = "1482821306169ec4d07f6aca392a4681f66c75c9918aa49641a2595db64053cb"

[[package]]
name = "locate-locale"
version = "0.1.0"
source = "registry+https://github.com/rust-lang/crates.io-index"
checksum = "2566fa1f7d9948dcc53b1854d2218dc5dbb54b6950e7f277e513c660819d6cce"
dependencies = [
 "kernel32-sys",
]

[[package]]
name = "log"
version = "0.4.11"
source = "registry+https://github.com/rust-lang/crates.io-index"
checksum = "4fabed175da42fed1fa0746b0ea71f412aa9d35e76e95e59b192c64b9dc2bf8b"
dependencies = [
 "cfg-if 0.1.10",
]

[[package]]
name = "mac"
version = "0.1.1"
source = "registry+https://github.com/rust-lang/crates.io-index"
checksum = "c41e0c4fef86961ac6d6f8a82609f55f31b05e4fce149ac5710e439df7619ba4"

[[package]]
name = "maplit"
version = "1.0.2"
source = "registry+https://github.com/rust-lang/crates.io-index"
checksum = "3e2e65a1a2e43cfcb47a895c4c8b10d1f4a61097f9f254f183aee60cad9c651d"

[[package]]
name = "markup5ever"
version = "0.10.0"
source = "registry+https://github.com/rust-lang/crates.io-index"
checksum = "aae38d669396ca9b707bfc3db254bc382ddb94f57cc5c235f34623a669a01dab"
dependencies = [
 "log",
 "phf",
 "phf_codegen",
 "serde",
 "serde_derive",
 "serde_json",
 "string_cache",
 "string_cache_codegen",
 "tendril",
]

[[package]]
name = "maybe-uninit"
version = "2.0.0"
source = "registry+https://github.com/rust-lang/crates.io-index"
checksum = "60302e4db3a61da70c0cb7991976248362f30319e88850c487b9b95bbf059e00"

[[package]]
name = "md5"
version = "0.7.0"
source = "registry+https://github.com/rust-lang/crates.io-index"
checksum = "490cc448043f947bae3cbee9c203358d62dbee0db12107a74be5c30ccfd09771"

[[package]]
name = "memchr"
version = "2.3.4"
source = "registry+https://github.com/rust-lang/crates.io-index"
checksum = "0ee1c47aaa256ecabcaea351eae4a9b01ef39ed810004e298d2511ed284b1525"

[[package]]
name = "mime"
version = "0.3.16"
source = "registry+https://github.com/rust-lang/crates.io-index"
checksum = "2a60c7ce501c71e03a9c9c0d35b861413ae925bd979cc7a4e30d060069aaac8d"

[[package]]
name = "mime_guess"
version = "2.0.3"
source = "registry+https://github.com/rust-lang/crates.io-index"
checksum = "2684d4c2e97d99848d30b324b00c8fcc7e5c897b7cbb5819b09e7c90e8baf212"
dependencies = [
 "mime",
 "unicase",
]

[[package]]
name = "miniz_oxide"
version = "0.4.3"
source = "registry+https://github.com/rust-lang/crates.io-index"
checksum = "0f2d26ec3309788e423cfbf68ad1800f061638098d76a83681af979dc4eda19d"
dependencies = [
 "adler",
 "autocfg",
]

[[package]]
name = "mio"
version = "0.7.6"
source = "registry+https://github.com/rust-lang/crates.io-index"
checksum = "f33bc887064ef1fd66020c9adfc45bb9f33d75a42096c81e7c56c65b75dd1a8b"
dependencies = [
 "libc",
 "log",
 "miow",
 "ntapi",
 "winapi 0.3.9",
]

[[package]]
name = "miow"
version = "0.3.6"
source = "registry+https://github.com/rust-lang/crates.io-index"
checksum = "5a33c1b55807fbed163481b5ba66db4b2fa6cde694a5027be10fb724206c5897"
dependencies = [
 "socket2",
 "winapi 0.3.9",
]

[[package]]
name = "ncurses"
version = "5.99.0"
source = "registry+https://github.com/rust-lang/crates.io-index"
checksum = "15699bee2f37e9f8828c7b35b2bc70d13846db453f2d507713b758fabe536b82"
dependencies = [
 "cc",
 "libc",
 "pkg-config",
]

[[package]]
name = "new_debug_unreachable"
version = "1.0.4"
source = "registry+https://github.com/rust-lang/crates.io-index"
checksum = "e4a24736216ec316047a1fc4252e27dabb04218aa4a3f37c6e7ddbf1f9782b54"

[[package]]
name = "ntapi"
version = "0.3.6"
source = "registry+https://github.com/rust-lang/crates.io-index"
checksum = "3f6bb902e437b6d86e03cce10a7e2af662292c5dfef23b65899ea3ac9354ad44"
dependencies = [
 "winapi 0.3.9",
]

[[package]]
name = "num"
version = "0.3.1"
source = "registry+https://github.com/rust-lang/crates.io-index"
checksum = "8b7a8e9be5e039e2ff869df49155f1c06bd01ade2117ec783e56ab0932b67a8f"
dependencies = [
 "num-complex",
 "num-integer",
 "num-iter",
 "num-rational",
 "num-traits",
]

[[package]]
name = "num-bigint"
version = "0.3.1"
source = "registry+https://github.com/rust-lang/crates.io-index"
checksum = "5e9a41747ae4633fce5adffb4d2e81ffc5e89593cb19917f8fb2cc5ff76507bf"
dependencies = [
 "autocfg",
 "num-integer",
 "num-traits",
 "rand",
]

[[package]]
name = "num-complex"
version = "0.3.1"
source = "registry+https://github.com/rust-lang/crates.io-index"
checksum = "747d632c0c558b87dbabbe6a82f3b4ae03720d0646ac5b7b4dae89394be5f2c5"
dependencies = [
 "num-traits",
]

[[package]]
name = "num-integer"
version = "0.1.44"
source = "registry+https://github.com/rust-lang/crates.io-index"
checksum = "d2cc698a63b549a70bc047073d2949cce27cd1c7b0a4a862d08a8031bc2801db"
dependencies = [
 "autocfg",
 "num-traits",
]

[[package]]
name = "num-iter"
version = "0.1.42"
source = "registry+https://github.com/rust-lang/crates.io-index"
checksum = "b2021c8337a54d21aca0d59a92577a029af9431cb59b909b03252b9c164fad59"
dependencies = [
 "autocfg",
 "num-integer",
 "num-traits",
]

[[package]]
name = "num-rational"
version = "0.3.2"
source = "registry+https://github.com/rust-lang/crates.io-index"
checksum = "12ac428b1cb17fce6f731001d307d351ec70a6d202fc2e60f7d4c5e42d8f4f07"
dependencies = [
 "autocfg",
 "num-integer",
 "num-traits",
]

[[package]]
name = "num-traits"
version = "0.2.14"
source = "registry+https://github.com/rust-lang/crates.io-index"
checksum = "9a64b1ec5cda2586e284722486d802acf1f7dbdc623e2bfc57e65ca1cd099290"
dependencies = [
 "autocfg",
]

[[package]]
name = "once_cell"
version = "1.5.2"
source = "registry+https://github.com/rust-lang/crates.io-index"
checksum = "13bd41f508810a131401606d54ac32a467c97172d74ba7662562ebba5ad07fa0"

[[package]]
name = "opaque-debug"
version = "0.3.0"
source = "registry+https://github.com/rust-lang/crates.io-index"
checksum = "624a8340c38c1b80fd549087862da4ba43e08858af025b236e509b6649fc13d5"

[[package]]
name = "ordered-multimap"
version = "0.3.1"
source = "registry+https://github.com/rust-lang/crates.io-index"
checksum = "1c672c7ad9ec066e428c00eb917124a06f08db19e2584de982cc34b1f4c12485"
dependencies = [
 "dlv-list",
 "hashbrown",
]

[[package]]
name = "os_info"
version = "3.0.1"
source = "registry+https://github.com/rust-lang/crates.io-index"
checksum = "a2127a5da3c69035537febc04cd07008bb643653303b213a49b036d944531207"
dependencies = [
 "log",
 "winapi 0.3.9",
]

[[package]]
name = "os_str_bytes"
version = "2.4.0"
source = "registry+https://github.com/rust-lang/crates.io-index"
checksum = "afb2e1c3ee07430c2cf76151675e583e0f19985fa6efae47d6848a3e2c824f85"

[[package]]
name = "owning_ref"
version = "0.4.1"
source = "registry+https://github.com/rust-lang/crates.io-index"
checksum = "6ff55baddef9e4ad00f88b6c743a2a8062d4c6ade126c2a528644b8e444d52ce"
dependencies = [
 "stable_deref_trait",
]

[[package]]
name = "pancurses"
version = "0.16.1"
source = "registry+https://github.com/rust-lang/crates.io-index"
checksum = "d3058bc37c433096b2ac7afef1c5cdfae49ede0a4ffec3dfc1df1df0959d0ff0"
dependencies = [
 "libc",
 "log",
 "ncurses",
 "pdcurses-sys",
 "winreg",
]

[[package]]
name = "pbkdf2"
version = "0.6.0"
source = "registry+https://github.com/rust-lang/crates.io-index"
checksum = "b3b8c0d71734018084da0c0354193a5edfb81b20d2d57a92c5b154aefc554a4a"
dependencies = [
 "base64",
 "crypto-mac",
 "hmac",
 "rand",
 "rand_core",
 "sha2",
 "subtle",
]

[[package]]
name = "pdcurses-sys"
version = "0.7.1"
source = "registry+https://github.com/rust-lang/crates.io-index"
checksum = "084dd22796ff60f1225d4eb6329f33afaf4c85419d51d440ab6b8c6f4529166b"
dependencies = [
 "cc",
 "libc",
]

[[package]]
name = "phf"
version = "0.8.0"
source = "registry+https://github.com/rust-lang/crates.io-index"
checksum = "3dfb61232e34fcb633f43d12c58f83c1df82962dcdfa565a4e866ffc17dafe12"
dependencies = [
 "phf_shared",
]

[[package]]
name = "phf_codegen"
version = "0.8.0"
source = "registry+https://github.com/rust-lang/crates.io-index"
checksum = "cbffee61585b0411840d3ece935cce9cb6321f01c45477d30066498cd5e1a815"
dependencies = [
 "phf_generator",
 "phf_shared",
]

[[package]]
name = "phf_generator"
version = "0.8.0"
source = "registry+https://github.com/rust-lang/crates.io-index"
checksum = "17367f0cc86f2d25802b2c26ee58a7b23faeccf78a396094c13dced0d0182526"
dependencies = [
 "phf_shared",
 "rand",
]

[[package]]
name = "phf_shared"
version = "0.8.0"
source = "registry+https://github.com/rust-lang/crates.io-index"
checksum = "c00cf8b9eafe68dde5e9eaa2cef8ee84a9336a47d566ec55ca16589633b65af7"
dependencies = [
 "siphasher",
]

[[package]]
name = "pin-project-lite"
version = "0.2.0"
source = "registry+https://github.com/rust-lang/crates.io-index"
checksum = "6b063f57ec186e6140e2b8b6921e5f1bd89c7356dda5b33acc5401203ca6131c"

[[package]]
name = "pkg-config"
version = "0.3.19"
source = "registry+https://github.com/rust-lang/crates.io-index"
checksum = "3831453b3449ceb48b6d9c7ad7c96d5ea673e9b470a1dc578c2ce6521230884c"

[[package]]
name = "ppv-lite86"
version = "0.2.10"
source = "registry+https://github.com/rust-lang/crates.io-index"
checksum = "ac74c624d6b2d21f425f752262f42188365d7b8ff1aff74c82e45136510a4857"

[[package]]
name = "precomputed-hash"
version = "0.1.1"
source = "registry+https://github.com/rust-lang/crates.io-index"
checksum = "925383efa346730478fb4838dbe9137d2a47675ad789c546d150a6e1dd4ab31c"

[[package]]
name = "proc-macro-error"
version = "1.0.4"
source = "registry+https://github.com/rust-lang/crates.io-index"
checksum = "da25490ff9892aab3fcf7c36f08cfb902dd3e71ca0f9f9517bea02a73a5ce38c"
dependencies = [
 "proc-macro-error-attr",
 "proc-macro2",
 "quote",
 "syn",
 "version_check",
]

[[package]]
name = "proc-macro-error-attr"
version = "1.0.4"
source = "registry+https://github.com/rust-lang/crates.io-index"
checksum = "a1be40180e52ecc98ad80b184934baf3d0d29f979574e439af5a55274b35f869"
dependencies = [
 "proc-macro2",
 "quote",
 "version_check",
]

[[package]]
name = "proc-macro-hack"
version = "0.5.19"
source = "registry+https://github.com/rust-lang/crates.io-index"
checksum = "dbf0c48bc1d91375ae5c3cd81e3722dff1abcf81a30960240640d223f59fe0e5"

[[package]]
name = "proc-macro2"
version = "1.0.24"
source = "registry+https://github.com/rust-lang/crates.io-index"
checksum = "1e0704ee1a7e00d7bb417d0770ea303c1bccbabf0ef1667dae92b5967f5f8a71"
dependencies = [
 "unicode-xid",
]

[[package]]
name = "quote"
version = "1.0.7"
source = "registry+https://github.com/rust-lang/crates.io-index"
checksum = "aa563d17ecb180e500da1cfd2b028310ac758de548efdd203e18f283af693f37"
dependencies = [
 "proc-macro2",
]

[[package]]
name = "rand"
version = "0.7.3"
source = "registry+https://github.com/rust-lang/crates.io-index"
checksum = "6a6b1679d49b24bbfe0c803429aa1874472f50d9b363131f0e89fc356b544d03"
dependencies = [
 "getrandom 0.1.15",
 "libc",
 "rand_chacha",
 "rand_core",
 "rand_hc",
 "rand_pcg",
]

[[package]]
name = "rand_chacha"
version = "0.2.2"
source = "registry+https://github.com/rust-lang/crates.io-index"
checksum = "f4c8ed856279c9737206bf725bf36935d8666ead7aa69b52be55af369d193402"
dependencies = [
 "ppv-lite86",
 "rand_core",
]

[[package]]
name = "rand_core"
version = "0.5.1"
source = "registry+https://github.com/rust-lang/crates.io-index"
checksum = "90bde5296fc891b0cef12a6d03ddccc162ce7b2aff54160af9338f8d40df6d19"
dependencies = [
 "getrandom 0.1.15",
]

[[package]]
name = "rand_hc"
version = "0.2.0"
source = "registry+https://github.com/rust-lang/crates.io-index"
checksum = "ca3129af7b92a17112d59ad498c6f81eaf463253766b90396d39ea7a39d6613c"
dependencies = [
 "rand_core",
]

[[package]]
name = "rand_pcg"
version = "0.2.1"
source = "registry+https://github.com/rust-lang/crates.io-index"
checksum = "16abd0c1b639e9eb4d7c50c0b8100b0d0f849be2349829c740fe8e6eb4816429"
dependencies = [
 "rand_core",
]

[[package]]
name = "redox_syscall"
version = "0.1.57"
source = "registry+https://github.com/rust-lang/crates.io-index"
checksum = "41cc0f7e4d5d4544e8861606a285bb08d3e70712ccc7d2b84d7c0ccfaf4b05ce"

[[package]]
name = "redox_users"
version = "0.3.5"
source = "registry+https://github.com/rust-lang/crates.io-index"
checksum = "de0737333e7a9502c789a36d7c7fa6092a49895d4faa31ca5df163857ded2e9d"
dependencies = [
 "getrandom 0.1.15",
 "redox_syscall",
 "rust-argon2",
]

[[package]]
name = "regex"
version = "1.4.2"
source = "registry+https://github.com/rust-lang/crates.io-index"
checksum = "38cf2c13ed4745de91a5eb834e11c00bcc3709e773173b2ce4c56c9fbde04b9c"
dependencies = [
 "regex-syntax",
]

[[package]]
name = "regex-syntax"
version = "0.6.21"
source = "registry+https://github.com/rust-lang/crates.io-index"
checksum = "3b181ba2dcf07aaccad5448e8ead58db5b742cf85dfe035e2227f137a539a189"

[[package]]
name = "remove_dir_all"
version = "0.5.3"
source = "registry+https://github.com/rust-lang/crates.io-index"
checksum = "3acd125665422973a33ac9d3dd2df85edad0f4ae9b00dafb1a05e43a9f5ef8e7"
dependencies = [
 "winapi 0.3.9",
]

[[package]]
name = "rust-argon2"
version = "0.8.3"
source = "registry+https://github.com/rust-lang/crates.io-index"
checksum = "4b18820d944b33caa75a71378964ac46f58517c92b6ae5f762636247c09e78fb"
dependencies = [
 "base64",
 "blake2b_simd",
 "constant_time_eq",
 "crossbeam-utils 0.8.1",
]

[[package]]
name = "rust-ini"
version = "0.16.0"
source = "registry+https://github.com/rust-lang/crates.io-index"
checksum = "dcdbf249a931ceb503aa80e08ca016675dbc7884eda8e2d88e85533d4dbade62"
dependencies = [
 "cfg-if 0.1.10",
 "ordered-multimap",
]

[[package]]
name = "rustc-serialize"
version = "0.3.24"
source = "registry+https://github.com/rust-lang/crates.io-index"
checksum = "dcf128d1287d2ea9d80910b5f1120d0b8eede3fbf1abe91c40d39ea7d51e6fda"

[[package]]
name = "ryu"
version = "1.0.5"
source = "registry+https://github.com/rust-lang/crates.io-index"
checksum = "71d301d4193d031abdd79ff7e3dd721168a9572ef3fe51a1517aba235bd8f86e"

[[package]]
name = "serde"
version = "1.0.118"
source = "registry+https://github.com/rust-lang/crates.io-index"
checksum = "06c64263859d87aa2eb554587e2d23183398d617427327cf2b3d0ed8c69e4800"

[[package]]
name = "serde_derive"
version = "1.0.118"
source = "registry+https://github.com/rust-lang/crates.io-index"
checksum = "c84d3526699cd55261af4b941e4e725444df67aa4f9e6a3564f18030d12672df"
dependencies = [
 "proc-macro2",
 "quote",
 "syn",
]

[[package]]
name = "serde_json"
version = "1.0.60"
source = "registry+https://github.com/rust-lang/crates.io-index"
checksum = "1500e84d27fe482ed1dc791a56eddc2f230046a040fa908c08bda1d9fb615779"
dependencies = [
 "itoa",
 "ryu",
 "serde",
]

[[package]]
name = "sha1"
version = "0.6.0"
source = "registry+https://github.com/rust-lang/crates.io-index"
checksum = "2579985fda508104f7587689507983eadd6a6e84dd35d6d115361f530916fa0d"

[[package]]
name = "sha2"
version = "0.9.2"
source = "registry+https://github.com/rust-lang/crates.io-index"
checksum = "6e7aab86fe2149bad8c507606bdb3f4ef5e7b2380eb92350f56122cca72a42a8"
dependencies = [
 "block-buffer",
 "cfg-if 1.0.0",
 "cpuid-bool",
 "digest",
 "opaque-debug",
]

[[package]]
name = "signal-hook"
version = "0.1.16"
source = "registry+https://github.com/rust-lang/crates.io-index"
checksum = "604508c1418b99dfe1925ca9224829bb2a8a9a04dda655cc01fcad46f4ab05ed"
dependencies = [
 "libc",
 "signal-hook-registry",
]

[[package]]
name = "signal-hook-registry"
version = "1.2.2"
source = "registry+https://github.com/rust-lang/crates.io-index"
checksum = "ce32ea0c6c56d5eacaeb814fbed9960547021d3edd010ded1425f180536b20ab"
dependencies = [
 "libc",
]

[[package]]
name = "siphasher"
version = "0.3.3"
source = "registry+https://github.com/rust-lang/crates.io-index"
checksum = "fa8f3741c7372e75519bd9346068370c9cdaabcc1f9599cbcf2a2719352286b7"

[[package]]
name = "socket2"
version = "0.3.17"
source = "registry+https://github.com/rust-lang/crates.io-index"
checksum = "2c29947abdee2a218277abeca306f25789c938e500ea5a9d4b12a5a504466902"
dependencies = [
 "cfg-if 1.0.0",
 "libc",
 "redox_syscall",
 "winapi 0.3.9",
]

[[package]]
name = "stable_deref_trait"
version = "1.2.0"
source = "registry+https://github.com/rust-lang/crates.io-index"
checksum = "a8f112729512f8e442d81f95a8a7ddf2b7c6b8a1a6f509a95864142b30cab2d3"

[[package]]
name = "strfmt"
version = "0.1.6"
source = "registry+https://github.com/rust-lang/crates.io-index"
checksum = "b278b244ef7aa5852b277f52dd0c6cac3a109919e1f6d699adde63251227a30f"

[[package]]
name = "string_cache"
version = "0.8.1"
source = "registry+https://github.com/rust-lang/crates.io-index"
checksum = "8ddb1139b5353f96e429e1a5e19fbaf663bddedaa06d1dbd49f82e352601209a"
dependencies = [
 "lazy_static",
 "new_debug_unreachable",
 "phf_shared",
 "precomputed-hash",
 "serde",
]

[[package]]
name = "string_cache_codegen"
version = "0.5.1"
source = "registry+https://github.com/rust-lang/crates.io-index"
checksum = "f24c8e5e19d22a726626f1a5e16fe15b132dcf21d10177fa5a45ce7962996b97"
dependencies = [
 "phf_generator",
 "phf_shared",
 "proc-macro2",
 "quote",
]

[[package]]
name = "strsim"
version = "0.9.3"
source = "registry+https://github.com/rust-lang/crates.io-index"
checksum = "6446ced80d6c486436db5c078dde11a9f73d42b57fb273121e160b84f63d894c"

[[package]]
name = "strsim"
version = "0.10.0"
source = "registry+https://github.com/rust-lang/crates.io-index"
checksum = "73473c0e59e6d5812c5dfe2a064a6444949f089e20eec9a2e5506596494e4623"

[[package]]
name = "subtle"
version = "2.3.0"
source = "registry+https://github.com/rust-lang/crates.io-index"
checksum = "343f3f510c2915908f155e94f17220b19ccfacf2a64a2a5d8004f2c3e311e7fd"

[[package]]
name = "syn"
version = "1.0.54"
source = "registry+https://github.com/rust-lang/crates.io-index"
checksum = "9a2af957a63d6bd42255c359c93d9bfdb97076bd3b820897ce55ffbfbf107f44"
dependencies = [
 "proc-macro2",
 "quote",
 "unicode-xid",
]

[[package]]
name = "tempfile"
version = "3.1.0"
source = "registry+https://github.com/rust-lang/crates.io-index"
checksum = "7a6e24d9338a0a5be79593e2fa15a648add6138caa803e2d5bc782c371732ca9"
dependencies = [
 "cfg-if 0.1.10",
 "libc",
 "rand",
 "redox_syscall",
 "remove_dir_all",
 "winapi 0.3.9",
]

[[package]]
name = "tendril"
version = "0.4.1"
source = "registry+https://github.com/rust-lang/crates.io-index"
checksum = "707feda9f2582d5d680d733e38755547a3e8fb471e7ba11452ecfd9ce93a5d3b"
dependencies = [
 "futf",
 "mac",
 "utf-8",
]

[[package]]
name = "term_size"
version = "0.3.2"
source = "registry+https://github.com/rust-lang/crates.io-index"
checksum = "1e4129646ca0ed8f45d09b929036bafad5377103edd06e50bf574b353d2b08d9"
dependencies = [
 "libc",
 "winapi 0.3.9",
]

[[package]]
name = "termcolor"
version = "1.1.2"
source = "registry+https://github.com/rust-lang/crates.io-index"
checksum = "2dfed899f0eb03f32ee8c6a0aabdb8a7949659e3466561fc0adf54e26d88c5f4"
dependencies = [
 "winapi-util",
]

[[package]]
name = "terminal_size"
version = "0.1.15"
source = "registry+https://github.com/rust-lang/crates.io-index"
checksum = "4bd2d183bd3fac5f5fe38ddbeb4dc9aec4a39a9d7d59e7491d900302da01cbe1"
dependencies = [
 "libc",
 "winapi 0.3.9",
]

[[package]]
name = "textwrap"
version = "0.12.1"
source = "registry+https://github.com/rust-lang/crates.io-index"
checksum = "203008d98caf094106cfaba70acfed15e18ed3ddb7d94e49baec153a2b462789"
dependencies = [
 "unicode-width",
]

[[package]]
name = "thiserror"
version = "1.0.23"
source = "registry+https://github.com/rust-lang/crates.io-index"
checksum = "76cc616c6abf8c8928e2fdcc0dbfab37175edd8fb49a4641066ad1364fdab146"
dependencies = [
 "thiserror-impl",
]

[[package]]
name = "thiserror-impl"
version = "1.0.23"
source = "registry+https://github.com/rust-lang/crates.io-index"
checksum = "9be73a2caec27583d0046ef3796c3794f868a5bc813db689eed00c7631275cd1"
dependencies = [
 "proc-macro2",
 "quote",
 "syn",
]

[[package]]
name = "time"
version = "0.1.44"
source = "registry+https://github.com/rust-lang/crates.io-index"
checksum = "6db9e6914ab8b1ae1c260a4ae7a49b6c5611b40328a735b21862567685e73255"
dependencies = [
 "libc",
 "wasi 0.10.0+wasi-snapshot-preview1",
 "winapi 0.3.9",
]

[[package]]
name = "tiny-keccak"
version = "2.0.2"
source = "registry+https://github.com/rust-lang/crates.io-index"
checksum = "2c9d3793400a45f954c52e73d068316d76b6f4e36977e3fcebb13a2721e80237"
dependencies = [
 "crunchy",
]

[[package]]
name = "tokio"
version = "1.0.1"
source = "registry+https://github.com/rust-lang/crates.io-index"
checksum = "d258221f566b6c803c7b4714abadc080172b272090cdc5e244a6d4dd13c3a6bd"
dependencies = [
 "autocfg",
 "bytes",
 "libc",
 "memchr",
 "mio",
 "once_cell",
 "pin-project-lite",
 "signal-hook-registry",
 "tokio-macros",
 "winapi 0.3.9",
]

[[package]]
name = "tokio-macros"
version = "1.0.0"
source = "registry+https://github.com/rust-lang/crates.io-index"
checksum = "42517d2975ca3114b22a16192634e8241dc5cc1f130be194645970cc1c371494"
dependencies = [
 "proc-macro2",
 "quote",
 "syn",
]

[[package]]
name = "toml"
version = "0.2.1"
source = "registry+https://github.com/rust-lang/crates.io-index"
checksum = "736b60249cb25337bc196faa43ee12c705e426f3d55c214d73a4e7be06f92cb4"
dependencies = [
 "rustc-serialize",
]

[[package]]
name = "typenum"
version = "1.12.0"
source = "registry+https://github.com/rust-lang/crates.io-index"
checksum = "373c8a200f9e67a0c95e62a4f52fbf80c23b4381c05a17845531982fa99e6b33"

[[package]]
name = "unicase"
version = "2.6.0"
source = "registry+https://github.com/rust-lang/crates.io-index"
checksum = "50f37be617794602aabbeee0be4f259dc1778fabe05e2d67ee8f79326d5cb4f6"
dependencies = [
 "version_check",
]

[[package]]
name = "unicode-segmentation"
version = "1.7.1"
source = "registry+https://github.com/rust-lang/crates.io-index"
checksum = "bb0d2e7be6ae3a5fa87eed5fb451aff96f2573d2694942e40543ae0bbe19c796"

[[package]]
name = "unicode-width"
version = "0.1.8"
source = "registry+https://github.com/rust-lang/crates.io-index"
checksum = "9337591893a19b88d8d87f2cec1e73fad5cdfd10e5a6f349f498ad6ea2ffb1e3"

[[package]]
name = "unicode-xid"
version = "0.2.1"
source = "registry+https://github.com/rust-lang/crates.io-index"
checksum = "f7fe0bb3479651439c9112f72b6c505038574c9fbb575ed1bf3b797fa39dd564"

[[package]]
name = "userbot-rs-macros"
version = "0.2.0"
dependencies = [
 "proc-macro2",
 "quote",
 "syn",
]

[[package]]
name = "userbot_rs"
version = "0.1.1"
dependencies = [
 "anyhow",
 "async-trait",
 "clap",
 "crossbeam-channel",
 "cursive",
 "dialoguer",
 "directories",
 "fern",
 "grammers-client",
 "grammers-mtsender",
 "grammers-session",
 "grammers-tl-types",
 "kantex-rs",
 "log",
 "rust-ini",
 "tokio",
 "toml",
 "userbot-rs-macros",
 "which",
]

[[package]]
name = "utf-8"
version = "0.7.5"
source = "registry+https://github.com/rust-lang/crates.io-index"
checksum = "05e42f7c18b8f902290b009cde6d651262f956c98bc51bca4cd1d511c9cd85c7"

[[package]]
name = "vec_map"
version = "0.8.2"
source = "registry+https://github.com/rust-lang/crates.io-index"
checksum = "f1bddf1187be692e79c5ffeab891132dfb0f236ed36a43c7ed39f1165ee20191"

[[package]]
name = "version_check"
version = "0.9.2"
source = "registry+https://github.com/rust-lang/crates.io-index"
checksum = "b5a972e5669d67ba988ce3dc826706fb0a8b01471c088cb0b6110b805cc36aed"

[[package]]
name = "wasi"
version = "0.9.0+wasi-snapshot-preview1"
source = "registry+https://github.com/rust-lang/crates.io-index"
checksum = "cccddf32554fecc6acb585f82a32a72e28b48f8c4c1883ddfeeeaa96f7d8e519"

[[package]]
name = "wasi"
version = "0.10.0+wasi-snapshot-preview1"
source = "registry+https://github.com/rust-lang/crates.io-index"
checksum = "1a143597ca7c7793eff794def352d41792a93c481eb1042423ff7ff72ba2c31f"

[[package]]
name = "which"
version = "4.0.2"
source = "registry+https://github.com/rust-lang/crates.io-index"
checksum = "87c14ef7e1b8b8ecfc75d5eca37949410046e66f15d185c01d70824f1f8111ef"
dependencies = [
 "libc",
 "thiserror",
]

[[package]]
name = "winapi"
version = "0.2.8"
source = "registry+https://github.com/rust-lang/crates.io-index"
checksum = "167dc9d6949a9b857f3451275e911c3f44255842c1f7a76f33c55103a909087a"

[[package]]
name = "winapi"
version = "0.3.9"
source = "registry+https://github.com/rust-lang/crates.io-index"
checksum = "5c839a674fcd7a98952e593242ea400abe93992746761e38641405d28b00f419"
dependencies = [
 "winapi-i686-pc-windows-gnu",
 "winapi-x86_64-pc-windows-gnu",
]

[[package]]
name = "winapi-build"
version = "0.1.1"
source = "registry+https://github.com/rust-lang/crates.io-index"
checksum = "2d315eee3b34aca4797b2da6b13ed88266e6d612562a0c46390af8299fc699bc"

[[package]]
name = "winapi-i686-pc-windows-gnu"
version = "0.4.0"
source = "registry+https://github.com/rust-lang/crates.io-index"
checksum = "ac3b87c63620426dd9b991e5ce0329eff545bccbbb34f3be09ff6fb6ab51b7b6"

[[package]]
name = "winapi-util"
version = "0.1.5"
source = "registry+https://github.com/rust-lang/crates.io-index"
checksum = "70ec6ce85bb158151cae5e5c87f95a8e97d2c0c4b001223f33a334e3ce5de178"
dependencies = [
 "winapi 0.3.9",
]

[[package]]
name = "winapi-x86_64-pc-windows-gnu"
version = "0.4.0"
source = "registry+https://github.com/rust-lang/crates.io-index"
checksum = "712e227841d057c1ee1cd2fb22fa7e5a5461ae8e48fa2ca79ec42cfc1931183f"

[[package]]
name = "winreg"
version = "0.5.1"
source = "registry+https://github.com/rust-lang/crates.io-index"
checksum = "a27a759395c1195c4cc5cda607ef6f8f6498f64e78f7900f5de0a127a424704a"
dependencies = [
 "winapi 0.3.9",
]

[[package]]
name = "xi-unicode"
version = "0.2.1"
source = "registry+https://github.com/rust-lang/crates.io-index"
checksum = "e71b85d8b1b8bfaf4b5c834187554d201a8cd621c2bbfa33efd41a3ecabd48b2"

[[package]]
name = "zeroize"
version = "0.9.3"
source = "registry+https://github.com/rust-lang/crates.io-index"
checksum = "45af6a010d13e4cf5b54c94ba5a2b2eba5596b9e46bf5875612d332a1f2b3f86"
